// !$*UTF8*$!
{
	archiveVersion = 1;
	classes = {
	};
	objectVersion = 50;
	objects = {

/* Begin PBXBuildFile section */
		C91164782355F32E003E5D9D /* TableView.swift in Sources */ = {isa = PBXBuildFile; fileRef = C91164772355F32E003E5D9D /* TableView.swift */; };
		C92938B123545F91001C9389 /* hikeData.json in Resources */ = {isa = PBXBuildFile; fileRef = C92938B023545F91001C9389 /* hikeData.json */; };
		C92938B323545FAF001C9389 /* HikeGraph.swift in Sources */ = {isa = PBXBuildFile; fileRef = C92938B223545FAF001C9389 /* HikeGraph.swift */; };
		C92938B523545FDC001C9389 /* HikeView.swift in Sources */ = {isa = PBXBuildFile; fileRef = C92938B423545FDC001C9389 /* HikeView.swift */; };
		C92938B723545FEA001C9389 /* HikeDetail.swift in Sources */ = {isa = PBXBuildFile; fileRef = C92938B623545FEA001C9389 /* HikeDetail.swift */; };
		C92938BD2354601A001C9389 /* Data.swift in Sources */ = {isa = PBXBuildFile; fileRef = C92938B92354601A001C9389 /* Data.swift */; };
		C92938BE2354601A001C9389 /* UserData.swift in Sources */ = {isa = PBXBuildFile; fileRef = C92938BA2354601A001C9389 /* UserData.swift */; };
		C92938BF2354601A001C9389 /* Hike.swift in Sources */ = {isa = PBXBuildFile; fileRef = C92938BB2354601A001C9389 /* Hike.swift */; };
		C92938C02354601A001C9389 /* Landmark.swift in Sources */ = {isa = PBXBuildFile; fileRef = C92938BC2354601A001C9389 /* Landmark.swift */; };
		C92938C223546041001C9389 /* GraphCapsule.swift in Sources */ = {isa = PBXBuildFile; fileRef = C92938C123546040001C9389 /* GraphCapsule.swift */; };
		C93D2C83231FDF110055CDC4 /* AppDelegate.swift in Sources */ = {isa = PBXBuildFile; fileRef = C93D2C82231FDF110055CDC4 /* AppDelegate.swift */; };
		C93D2C85231FDF110055CDC4 /* SceneDelegate.swift in Sources */ = {isa = PBXBuildFile; fileRef = C93D2C84231FDF110055CDC4 /* SceneDelegate.swift */; };
		C93D2C8A231FDF110055CDC4 /* ContentView.swift in Sources */ = {isa = PBXBuildFile; fileRef = C93D2C89231FDF110055CDC4 /* ContentView.swift */; };
		C93D2CA8231FDF150055CDC4 /* PainTrackerUITests.swift in Sources */ = {isa = PBXBuildFile; fileRef = C93D2CA7231FDF150055CDC4 /* PainTrackerUITests.swift */; };
		C93D2CB6231FE5150055CDC4 /* ColorHelpers.swift in Sources */ = {isa = PBXBuildFile; fileRef = C93D2CB5231FE5150055CDC4 /* ColorHelpers.swift */; };
		C95E5E2F2321165B0074A103 /* MeterView.swift in Sources */ = {isa = PBXBuildFile; fileRef = C95E5E2E2321165B0074A103 /* MeterView.swift */; };
		C95E81CB23508E8200E3D18A /* DetailView.swift in Sources */ = {isa = PBXBuildFile; fileRef = C95E81CA23508E8200E3D18A /* DetailView.swift */; };
		C9756E1A23CC9CE7008F8EC4 /* PainTracker.xcdatamodeld in Sources */ = {isa = PBXBuildFile; fileRef = C93D2C86231FDF110055CDC4 /* PainTracker.xcdatamodeld */; };
		C97858632346644C0042EF3B /* PainKillers.json in Resources */ = {isa = PBXBuildFile; fileRef = C97858622346644C0042EF3B /* PainKillers.json */; };
		C98D31AC2382AA8D0039BBCA /* WeekSummaryItem.swift in Sources */ = {isa = PBXBuildFile; fileRef = C98D31AB2382AA8D0039BBCA /* WeekSummaryItem.swift */; };
		C9AEBF4923799CC900795119 /* PainKiller.swift in Sources */ = {isa = PBXBuildFile; fileRef = C9AEBF4823799CC900795119 /* PainKiller.swift */; };
		C9D9BA3323CCA10200E3D01E /* Media.xcassets in Resources */ = {isa = PBXBuildFile; fileRef = C9D9BA3223CCA10200E3D01E /* Media.xcassets */; };
		C9E3662C237C2103005A4A5C /* PainTrackerTests.swift in Sources */ = {isa = PBXBuildFile; fileRef = C93D2C9C231FDF150055CDC4 /* PainTrackerTests.swift */; };
/* End PBXBuildFile section */

/* Begin PBXContainerItemProxy section */
		C93D2C99231FDF150055CDC4 /* PBXContainerItemProxy */ = {
			isa = PBXContainerItemProxy;
			containerPortal = C93D2C77231FDF110055CDC4 /* Project object */;
			proxyType = 1;
			remoteGlobalIDString = C93D2C7E231FDF110055CDC4;
			remoteInfo = PainTracker;
		};
		C93D2CA4231FDF150055CDC4 /* PBXContainerItemProxy */ = {
			isa = PBXContainerItemProxy;
			containerPortal = C93D2C77231FDF110055CDC4 /* Project object */;
			proxyType = 1;
			remoteGlobalIDString = C93D2C7E231FDF110055CDC4;
			remoteInfo = PainTracker;
		};
/* End PBXContainerItemProxy section */

/* Begin PBXFileReference section */
		C91164772355F32E003E5D9D /* TableView.swift */ = {isa = PBXFileReference; lastKnownFileType = sourcecode.swift; path = TableView.swift; sourceTree = "<group>"; };
		C92938B023545F91001C9389 /* hikeData.json */ = {isa = PBXFileReference; fileEncoding = 4; lastKnownFileType = text.json; path = hikeData.json; sourceTree = "<group>"; };
		C92938B223545FAF001C9389 /* HikeGraph.swift */ = {isa = PBXFileReference; fileEncoding = 4; lastKnownFileType = sourcecode.swift; path = HikeGraph.swift; sourceTree = "<group>"; };
		C92938B423545FDC001C9389 /* HikeView.swift */ = {isa = PBXFileReference; fileEncoding = 4; lastKnownFileType = sourcecode.swift; path = HikeView.swift; sourceTree = "<group>"; };
		C92938B623545FEA001C9389 /* HikeDetail.swift */ = {isa = PBXFileReference; fileEncoding = 4; lastKnownFileType = sourcecode.swift; path = HikeDetail.swift; sourceTree = "<group>"; };
		C92938B92354601A001C9389 /* Data.swift */ = {isa = PBXFileReference; fileEncoding = 4; lastKnownFileType = sourcecode.swift; path = Data.swift; sourceTree = "<group>"; };
		C92938BA2354601A001C9389 /* UserData.swift */ = {isa = PBXFileReference; fileEncoding = 4; lastKnownFileType = sourcecode.swift; path = UserData.swift; sourceTree = "<group>"; };
		C92938BB2354601A001C9389 /* Hike.swift */ = {isa = PBXFileReference; fileEncoding = 4; lastKnownFileType = sourcecode.swift; path = Hike.swift; sourceTree = "<group>"; };
		C92938BC2354601A001C9389 /* Landmark.swift */ = {isa = PBXFileReference; fileEncoding = 4; lastKnownFileType = sourcecode.swift; path = Landmark.swift; sourceTree = "<group>"; };
		C92938C123546040001C9389 /* GraphCapsule.swift */ = {isa = PBXFileReference; fileEncoding = 4; lastKnownFileType = sourcecode.swift; path = GraphCapsule.swift; sourceTree = "<group>"; };
		C93D2C7F231FDF110055CDC4 /* PainTracker.app */ = {isa = PBXFileReference; explicitFileType = wrapper.application; includeInIndex = 0; path = PainTracker.app; sourceTree = BUILT_PRODUCTS_DIR; };
		C93D2C82231FDF110055CDC4 /* AppDelegate.swift */ = {isa = PBXFileReference; lastKnownFileType = sourcecode.swift; path = AppDelegate.swift; sourceTree = "<group>"; };
		C93D2C84231FDF110055CDC4 /* SceneDelegate.swift */ = {isa = PBXFileReference; lastKnownFileType = sourcecode.swift; path = SceneDelegate.swift; sourceTree = "<group>"; };
		C93D2C87231FDF110055CDC4 /* PainTracker.xcdatamodel */ = {isa = PBXFileReference; lastKnownFileType = wrapper.xcdatamodel; path = PainTracker.xcdatamodel; sourceTree = "<group>"; };
		C93D2C89231FDF110055CDC4 /* ContentView.swift */ = {isa = PBXFileReference; lastKnownFileType = sourcecode.swift; path = ContentView.swift; sourceTree = "<group>"; };
		C93D2C93231FDF150055CDC4 /* Info.plist */ = {isa = PBXFileReference; lastKnownFileType = text.plist.xml; path = Info.plist; sourceTree = "<group>"; };
		C93D2C98231FDF150055CDC4 /* PainTrackerTests.xctest */ = {isa = PBXFileReference; explicitFileType = wrapper.cfbundle; includeInIndex = 0; path = PainTrackerTests.xctest; sourceTree = BUILT_PRODUCTS_DIR; };
		C93D2C9C231FDF150055CDC4 /* PainTrackerTests.swift */ = {isa = PBXFileReference; lastKnownFileType = sourcecode.swift; path = PainTrackerTests.swift; sourceTree = "<group>"; };
		C93D2C9E231FDF150055CDC4 /* Info.plist */ = {isa = PBXFileReference; lastKnownFileType = text.plist.xml; path = Info.plist; sourceTree = "<group>"; };
		C93D2CA3231FDF150055CDC4 /* PainTrackerUITests.xctest */ = {isa = PBXFileReference; explicitFileType = wrapper.cfbundle; includeInIndex = 0; path = PainTrackerUITests.xctest; sourceTree = BUILT_PRODUCTS_DIR; };
		C93D2CA7231FDF150055CDC4 /* PainTrackerUITests.swift */ = {isa = PBXFileReference; lastKnownFileType = sourcecode.swift; path = PainTrackerUITests.swift; sourceTree = "<group>"; };
		C93D2CA9231FDF150055CDC4 /* Info.plist */ = {isa = PBXFileReference; lastKnownFileType = text.plist.xml; path = Info.plist; sourceTree = "<group>"; };
		C93D2CB5231FE5150055CDC4 /* ColorHelpers.swift */ = {isa = PBXFileReference; lastKnownFileType = sourcecode.swift; path = ColorHelpers.swift; sourceTree = "<group>"; };
		C95E5E2E2321165B0074A103 /* MeterView.swift */ = {isa = PBXFileReference; lastKnownFileType = sourcecode.swift; path = MeterView.swift; sourceTree = "<group>"; };
		C95E81CA23508E8200E3D18A /* DetailView.swift */ = {isa = PBXFileReference; lastKnownFileType = sourcecode.swift; path = DetailView.swift; sourceTree = "<group>"; };
		C97858622346644C0042EF3B /* PainKillers.json */ = {isa = PBXFileReference; fileEncoding = 4; lastKnownFileType = text.json; path = PainKillers.json; sourceTree = "<group>"; };
		C98D31AB2382AA8D0039BBCA /* WeekSummaryItem.swift */ = {isa = PBXFileReference; lastKnownFileType = sourcecode.swift; path = WeekSummaryItem.swift; sourceTree = "<group>"; };
		C9AEBF4823799CC900795119 /* PainKiller.swift */ = {isa = PBXFileReference; lastKnownFileType = sourcecode.swift; path = PainKiller.swift; sourceTree = "<group>"; };
		C9D9BA3223CCA10200E3D01E /* Media.xcassets */ = {isa = PBXFileReference; lastKnownFileType = folder.assetcatalog; path = Media.xcassets; sourceTree = "<group>"; };
/* End PBXFileReference section */

/* Begin PBXFrameworksBuildPhase section */
		C93D2C7C231FDF110055CDC4 /* Frameworks */ = {
			isa = PBXFrameworksBuildPhase;
			buildActionMask = 2147483647;
			files = (
			);
			runOnlyForDeploymentPostprocessing = 0;
		};
		C93D2C95231FDF150055CDC4 /* Frameworks */ = {
			isa = PBXFrameworksBuildPhase;
			buildActionMask = 2147483647;
			files = (
			);
			runOnlyForDeploymentPostprocessing = 0;
		};
		C93D2CA0231FDF150055CDC4 /* Frameworks */ = {
			isa = PBXFrameworksBuildPhase;
			buildActionMask = 2147483647;
			files = (
			);
			runOnlyForDeploymentPostprocessing = 0;
		};
/* End PBXFrameworksBuildPhase section */

/* Begin PBXGroup section */
		C92938B82354601A001C9389 /* Models */ = {
			isa = PBXGroup;
			children = (
				C92938B92354601A001C9389 /* Data.swift */,
				C92938BA2354601A001C9389 /* UserData.swift */,
				C92938BB2354601A001C9389 /* Hike.swift */,
				C92938BC2354601A001C9389 /* Landmark.swift */,
				C9AEBF4823799CC900795119 /* PainKiller.swift */,
			);
			path = Models;
			sourceTree = "<group>";
		};
		C93D2C76231FDF110055CDC4 = {
			isa = PBXGroup;
			children = (
				C93D2C81231FDF110055CDC4 /* PainTracker */,
				C93D2C9B231FDF150055CDC4 /* PainTrackerTests */,
				C93D2CA6231FDF150055CDC4 /* PainTrackerUITests */,
				C93D2C80231FDF110055CDC4 /* Products */,
			);
			sourceTree = "<group>";
		};
		C93D2C80231FDF110055CDC4 /* Products */ = {
			isa = PBXGroup;
			children = (
				C93D2C7F231FDF110055CDC4 /* PainTracker.app */,
				C93D2C98231FDF150055CDC4 /* PainTrackerTests.xctest */,
				C93D2CA3231FDF150055CDC4 /* PainTrackerUITests.xctest */,
			);
			name = Products;
			sourceTree = "<group>";
		};
		C93D2C81231FDF110055CDC4 /* PainTracker */ = {
			isa = PBXGroup;
			children = (
				C9AC6EC423CE07E400CBC151 /* Helpers */,
				C9AC6EC323CE07C500CBC151 /* Views */,
				C92938B82354601A001C9389 /* Models */,
				C95E5E2D232116360074A103 /* Resources */,
				C93D2C93231FDF150055CDC4 /* Info.plist */,
			);
			path = PainTracker;
			sourceTree = "<group>";
		};
		C93D2C9B231FDF150055CDC4 /* PainTrackerTests */ = {
			isa = PBXGroup;
			children = (
				C93D2C9E231FDF150055CDC4 /* Info.plist */,
			);
			path = PainTrackerTests;
			sourceTree = "<group>";
		};
		C93D2CA6231FDF150055CDC4 /* PainTrackerUITests */ = {
			isa = PBXGroup;
			children = (
				C93D2CA7231FDF150055CDC4 /* PainTrackerUITests.swift */,
				C93D2C9C231FDF150055CDC4 /* PainTrackerTests.swift */,
				C93D2CA9231FDF150055CDC4 /* Info.plist */,
			);
			path = PainTrackerUITests;
			sourceTree = "<group>";
		};
		C95E5E2D232116360074A103 /* Resources */ = {
			isa = PBXGroup;
			children = (
				C93D2C82231FDF110055CDC4 /* AppDelegate.swift */,
				C93D2C84231FDF110055CDC4 /* SceneDelegate.swift */,
				C9D9BA3223CCA10200E3D01E /* Media.xcassets */,
				C92938B023545F91001C9389 /* hikeData.json */,
				C97858622346644C0042EF3B /* PainKillers.json */,
				C93D2C86231FDF110055CDC4 /* PainTracker.xcdatamodeld */,
			);
			path = Resources;
			sourceTree = "<group>";
		};
		C9AC6EC323CE07C500CBC151 /* Views */ = {
			isa = PBXGroup;
			children = (
				C93D2C89231FDF110055CDC4 /* ContentView.swift */,
				C95E81CA23508E8200E3D18A /* DetailView.swift */,
				C92938B423545FDC001C9389 /* HikeView.swift */,
				C92938B623545FEA001C9389 /* HikeDetail.swift */,
				C92938B223545FAF001C9389 /* HikeGraph.swift */,
				C98D31AB2382AA8D0039BBCA /* WeekSummaryItem.swift */,
				C95E5E2E2321165B0074A103 /* MeterView.swift */,
				C92938C123546040001C9389 /* GraphCapsule.swift */,
				C91164772355F32E003E5D9D /* TableView.swift */,
			);
			path = Views;
			sourceTree = "<group>";
		};
		C9AC6EC423CE07E400CBC151 /* Helpers */ = {
			isa = PBXGroup;
			children = (
				C93D2CB5231FE5150055CDC4 /* ColorHelpers.swift */,
			);
			path = Helpers;
			sourceTree = "<group>";
		};
/* End PBXGroup section */

/* Begin PBXNativeTarget section */
		C93D2C7E231FDF110055CDC4 /* PainTracker */ = {
			isa = PBXNativeTarget;
			buildConfigurationList = C93D2CAC231FDF150055CDC4 /* Build configuration list for PBXNativeTarget "PainTracker" */;
			buildPhases = (
				C93D2C7B231FDF110055CDC4 /* Sources */,
				C93D2C7C231FDF110055CDC4 /* Frameworks */,
				C93D2C7D231FDF110055CDC4 /* Resources */,
			);
			buildRules = (
			);
			dependencies = (
			);
			name = PainTracker;
			productName = PainTracker;
			productReference = C93D2C7F231FDF110055CDC4 /* PainTracker.app */;
			productType = "com.apple.product-type.application";
		};
		C93D2C97231FDF150055CDC4 /* PainTrackerTests */ = {
			isa = PBXNativeTarget;
			buildConfigurationList = C93D2CAF231FDF150055CDC4 /* Build configuration list for PBXNativeTarget "PainTrackerTests" */;
			buildPhases = (
				C93D2C94231FDF150055CDC4 /* Sources */,
				C93D2C95231FDF150055CDC4 /* Frameworks */,
				C93D2C96231FDF150055CDC4 /* Resources */,
			);
			buildRules = (
			);
			dependencies = (
				C93D2C9A231FDF150055CDC4 /* PBXTargetDependency */,
			);
			name = PainTrackerTests;
			productName = PainTrackerTests;
			productReference = C93D2C98231FDF150055CDC4 /* PainTrackerTests.xctest */;
			productType = "com.apple.product-type.bundle.unit-test";
		};
		C93D2CA2231FDF150055CDC4 /* PainTrackerUITests */ = {
			isa = PBXNativeTarget;
			buildConfigurationList = C93D2CB2231FDF150055CDC4 /* Build configuration list for PBXNativeTarget "PainTrackerUITests" */;
			buildPhases = (
				C93D2C9F231FDF150055CDC4 /* Sources */,
				C93D2CA0231FDF150055CDC4 /* Frameworks */,
				C93D2CA1231FDF150055CDC4 /* Resources */,
			);
			buildRules = (
			);
			dependencies = (
				C93D2CA5231FDF150055CDC4 /* PBXTargetDependency */,
			);
			name = PainTrackerUITests;
			productName = PainTrackerUITests;
			productReference = C93D2CA3231FDF150055CDC4 /* PainTrackerUITests.xctest */;
			productType = "com.apple.product-type.bundle.ui-testing";
		};
/* End PBXNativeTarget section */

/* Begin PBXProject section */
		C93D2C77231FDF110055CDC4 /* Project object */ = {
			isa = PBXProject;
			attributes = {
				LastSwiftUpdateCheck = 1100;
				LastUpgradeCheck = 1100;
				ORGANIZATIONNAME = Kriang;
				TargetAttributes = {
					C93D2C7E231FDF110055CDC4 = {
						CreatedOnToolsVersion = 11.0;
					};
					C93D2C97231FDF150055CDC4 = {
						CreatedOnToolsVersion = 11.0;
						TestTargetID = C93D2C7E231FDF110055CDC4;
					};
					C93D2CA2231FDF150055CDC4 = {
						CreatedOnToolsVersion = 11.0;
						TestTargetID = C93D2C7E231FDF110055CDC4;
					};
				};
			};
			buildConfigurationList = C93D2C7A231FDF110055CDC4 /* Build configuration list for PBXProject "PainTracker" */;
			compatibilityVersion = "Xcode 9.3";
			developmentRegion = en;
			hasScannedForEncodings = 0;
			knownRegions = (
				en,
				Base,
			);
			mainGroup = C93D2C76231FDF110055CDC4;
			productRefGroup = C93D2C80231FDF110055CDC4 /* Products */;
			projectDirPath = "";
			projectRoot = "";
			targets = (
				C93D2C7E231FDF110055CDC4 /* PainTracker */,
				C93D2C97231FDF150055CDC4 /* PainTrackerTests */,
				C93D2CA2231FDF150055CDC4 /* PainTrackerUITests */,
			);
		};
/* End PBXProject section */

/* Begin PBXResourcesBuildPhase section */
		C93D2C7D231FDF110055CDC4 /* Resources */ = {
			isa = PBXResourcesBuildPhase;
			buildActionMask = 2147483647;
			files = (
				C97858632346644C0042EF3B /* PainKillers.json in Resources */,
				C9D9BA3323CCA10200E3D01E /* Media.xcassets in Resources */,
				C92938B123545F91001C9389 /* hikeData.json in Resources */,
			);
			runOnlyForDeploymentPostprocessing = 0;
		};
		C93D2C96231FDF150055CDC4 /* Resources */ = {
			isa = PBXResourcesBuildPhase;
			buildActionMask = 2147483647;
			files = (
			);
			runOnlyForDeploymentPostprocessing = 0;
		};
		C93D2CA1231FDF150055CDC4 /* Resources */ = {
			isa = PBXResourcesBuildPhase;
			buildActionMask = 2147483647;
			files = (
			);
			runOnlyForDeploymentPostprocessing = 0;
		};
/* End PBXResourcesBuildPhase section */

/* Begin PBXSourcesBuildPhase section */
		C93D2C7B231FDF110055CDC4 /* Sources */ = {
			isa = PBXSourcesBuildPhase;
			buildActionMask = 2147483647;
			files = (
				C92938BE2354601A001C9389 /* UserData.swift in Sources */,
				C95E5E2F2321165B0074A103 /* MeterView.swift in Sources */,
				C92938B323545FAF001C9389 /* HikeGraph.swift in Sources */,
				C95E81CB23508E8200E3D18A /* DetailView.swift in Sources */,
				C92938B523545FDC001C9389 /* HikeView.swift in Sources */,
				C93D2C83231FDF110055CDC4 /* AppDelegate.swift in Sources */,
				C93D2C8A231FDF110055CDC4 /* ContentView.swift in Sources */,
				C92938BD2354601A001C9389 /* Data.swift in Sources */,
				C98D31AC2382AA8D0039BBCA /* WeekSummaryItem.swift in Sources */,
				C92938B723545FEA001C9389 /* HikeDetail.swift in Sources */,
				C9756E1A23CC9CE7008F8EC4 /* PainTracker.xcdatamodeld in Sources */,
				C92938BF2354601A001C9389 /* Hike.swift in Sources */,
				C91164782355F32E003E5D9D /* TableView.swift in Sources */,
				C92938C223546041001C9389 /* GraphCapsule.swift in Sources */,
				C93D2C85231FDF110055CDC4 /* SceneDelegate.swift in Sources */,
				C9AEBF4923799CC900795119 /* PainKiller.swift in Sources */,
				C93D2CB6231FE5150055CDC4 /* ColorHelpers.swift in Sources */,
				C92938C02354601A001C9389 /* Landmark.swift in Sources */,
			);
			runOnlyForDeploymentPostprocessing = 0;
		};
		C93D2C94231FDF150055CDC4 /* Sources */ = {
			isa = PBXSourcesBuildPhase;
			buildActionMask = 2147483647;
			files = (
			);
			runOnlyForDeploymentPostprocessing = 0;
		};
		C93D2C9F231FDF150055CDC4 /* Sources */ = {
			isa = PBXSourcesBuildPhase;
			buildActionMask = 2147483647;
			files = (
				C9E3662C237C2103005A4A5C /* PainTrackerTests.swift in Sources */,
				C93D2CA8231FDF150055CDC4 /* PainTrackerUITests.swift in Sources */,
			);
			runOnlyForDeploymentPostprocessing = 0;
		};
/* End PBXSourcesBuildPhase section */

/* Begin PBXTargetDependency section */
		C93D2C9A231FDF150055CDC4 /* PBXTargetDependency */ = {
			isa = PBXTargetDependency;
			target = C93D2C7E231FDF110055CDC4 /* PainTracker */;
			targetProxy = C93D2C99231FDF150055CDC4 /* PBXContainerItemProxy */;
		};
		C93D2CA5231FDF150055CDC4 /* PBXTargetDependency */ = {
			isa = PBXTargetDependency;
			target = C93D2C7E231FDF110055CDC4 /* PainTracker */;
			targetProxy = C93D2CA4231FDF150055CDC4 /* PBXContainerItemProxy */;
		};
/* End PBXTargetDependency section */

/* Begin XCBuildConfiguration section */
		C93D2CAA231FDF150055CDC4 /* Debug */ = {
			isa = XCBuildConfiguration;
			buildSettings = {
				ALWAYS_SEARCH_USER_PATHS = NO;
				CLANG_ANALYZER_NONNULL = YES;
				CLANG_ANALYZER_NUMBER_OBJECT_CONVERSION = YES_AGGRESSIVE;
				CLANG_CXX_LANGUAGE_STANDARD = "gnu++14";
				CLANG_CXX_LIBRARY = "libc++";
				CLANG_ENABLE_MODULES = YES;
				CLANG_ENABLE_OBJC_ARC = YES;
				CLANG_ENABLE_OBJC_WEAK = YES;
				CLANG_WARN_BLOCK_CAPTURE_AUTORELEASING = YES;
				CLANG_WARN_BOOL_CONVERSION = YES;
				CLANG_WARN_COMMA = YES;
				CLANG_WARN_CONSTANT_CONVERSION = YES;
				CLANG_WARN_DEPRECATED_OBJC_IMPLEMENTATIONS = YES;
				CLANG_WARN_DIRECT_OBJC_ISA_USAGE = YES_ERROR;
				CLANG_WARN_DOCUMENTATION_COMMENTS = YES;
				CLANG_WARN_EMPTY_BODY = YES;
				CLANG_WARN_ENUM_CONVERSION = YES;
				CLANG_WARN_INFINITE_RECURSION = YES;
				CLANG_WARN_INT_CONVERSION = YES;
				CLANG_WARN_NON_LITERAL_NULL_CONVERSION = YES;
				CLANG_WARN_OBJC_IMPLICIT_RETAIN_SELF = YES;
				CLANG_WARN_OBJC_LITERAL_CONVERSION = YES;
				CLANG_WARN_OBJC_ROOT_CLASS = YES_ERROR;
				CLANG_WARN_RANGE_LOOP_ANALYSIS = YES;
				CLANG_WARN_STRICT_PROTOTYPES = YES;
				CLANG_WARN_SUSPICIOUS_MOVE = YES;
				CLANG_WARN_UNGUARDED_AVAILABILITY = YES_AGGRESSIVE;
				CLANG_WARN_UNREACHABLE_CODE = YES;
				CLANG_WARN__DUPLICATE_METHOD_MATCH = YES;
				COPY_PHASE_STRIP = NO;
				DEBUG_INFORMATION_FORMAT = dwarf;
				ENABLE_STRICT_OBJC_MSGSEND = YES;
				ENABLE_TESTABILITY = YES;
				GCC_C_LANGUAGE_STANDARD = gnu11;
				GCC_DYNAMIC_NO_PIC = NO;
				GCC_NO_COMMON_BLOCKS = YES;
				GCC_OPTIMIZATION_LEVEL = 0;
				GCC_PREPROCESSOR_DEFINITIONS = (
					"DEBUG=1",
					"$(inherited)",
				);
				GCC_WARN_64_TO_32_BIT_CONVERSION = YES;
				GCC_WARN_ABOUT_RETURN_TYPE = YES_ERROR;
				GCC_WARN_UNDECLARED_SELECTOR = YES;
				GCC_WARN_UNINITIALIZED_AUTOS = YES_AGGRESSIVE;
				GCC_WARN_UNUSED_FUNCTION = YES;
				GCC_WARN_UNUSED_VARIABLE = YES;
				IPHONEOS_DEPLOYMENT_TARGET = 13.0;
				MTL_ENABLE_DEBUG_INFO = INCLUDE_SOURCE;
				MTL_FAST_MATH = YES;
				ONLY_ACTIVE_ARCH = YES;
				SDKROOT = iphoneos;
				SWIFT_ACTIVE_COMPILATION_CONDITIONS = DEBUG;
				SWIFT_OPTIMIZATION_LEVEL = "-Onone";
			};
			name = Debug;
		};
		C93D2CAB231FDF150055CDC4 /* Release */ = {
			isa = XCBuildConfiguration;
			buildSettings = {
				ALWAYS_SEARCH_USER_PATHS = NO;
				CLANG_ANALYZER_NONNULL = YES;
				CLANG_ANALYZER_NUMBER_OBJECT_CONVERSION = YES_AGGRESSIVE;
				CLANG_CXX_LANGUAGE_STANDARD = "gnu++14";
				CLANG_CXX_LIBRARY = "libc++";
				CLANG_ENABLE_MODULES = YES;
				CLANG_ENABLE_OBJC_ARC = YES;
				CLANG_ENABLE_OBJC_WEAK = YES;
				CLANG_WARN_BLOCK_CAPTURE_AUTORELEASING = YES;
				CLANG_WARN_BOOL_CONVERSION = YES;
				CLANG_WARN_COMMA = YES;
				CLANG_WARN_CONSTANT_CONVERSION = YES;
				CLANG_WARN_DEPRECATED_OBJC_IMPLEMENTATIONS = YES;
				CLANG_WARN_DIRECT_OBJC_ISA_USAGE = YES_ERROR;
				CLANG_WARN_DOCUMENTATION_COMMENTS = YES;
				CLANG_WARN_EMPTY_BODY = YES;
				CLANG_WARN_ENUM_CONVERSION = YES;
				CLANG_WARN_INFINITE_RECURSION = YES;
				CLANG_WARN_INT_CONVERSION = YES;
				CLANG_WARN_NON_LITERAL_NULL_CONVERSION = YES;
				CLANG_WARN_OBJC_IMPLICIT_RETAIN_SELF = YES;
				CLANG_WARN_OBJC_LITERAL_CONVERSION = YES;
				CLANG_WARN_OBJC_ROOT_CLASS = YES_ERROR;
				CLANG_WARN_RANGE_LOOP_ANALYSIS = YES;
				CLANG_WARN_STRICT_PROTOTYPES = YES;
				CLANG_WARN_SUSPICIOUS_MOVE = YES;
				CLANG_WARN_UNGUARDED_AVAILABILITY = YES_AGGRESSIVE;
				CLANG_WARN_UNREACHABLE_CODE = YES;
				CLANG_WARN__DUPLICATE_METHOD_MATCH = YES;
				COPY_PHASE_STRIP = NO;
				DEBUG_INFORMATION_FORMAT = "dwarf-with-dsym";
				ENABLE_NS_ASSERTIONS = NO;
				ENABLE_STRICT_OBJC_MSGSEND = YES;
				GCC_C_LANGUAGE_STANDARD = gnu11;
				GCC_NO_COMMON_BLOCKS = YES;
				GCC_WARN_64_TO_32_BIT_CONVERSION = YES;
				GCC_WARN_ABOUT_RETURN_TYPE = YES_ERROR;
				GCC_WARN_UNDECLARED_SELECTOR = YES;
				GCC_WARN_UNINITIALIZED_AUTOS = YES_AGGRESSIVE;
				GCC_WARN_UNUSED_FUNCTION = YES;
				GCC_WARN_UNUSED_VARIABLE = YES;
				IPHONEOS_DEPLOYMENT_TARGET = 13.0;
				MTL_ENABLE_DEBUG_INFO = NO;
				MTL_FAST_MATH = YES;
				SDKROOT = iphoneos;
				SWIFT_COMPILATION_MODE = wholemodule;
				SWIFT_OPTIMIZATION_LEVEL = "-O";
				VALIDATE_PRODUCT = YES;
			};
			name = Release;
		};
		C93D2CAD231FDF150055CDC4 /* Debug */ = {
			isa = XCBuildConfiguration;
			buildSettings = {
				ASSETCATALOG_COMPILER_APPICON_NAME = AppIcon;
				CODE_SIGN_STYLE = Automatic;
				ENABLE_PREVIEWS = YES;
				INFOPLIST_FILE = PainTracker/Info.plist;
				LD_RUNPATH_SEARCH_PATHS = (
					"$(inherited)",
					"@executable_path/Frameworks",
				);
				PRODUCT_BUNDLE_IDENTIFIER = kriang.PainTracker;
				PRODUCT_NAME = "$(TARGET_NAME)";
				SWIFT_VERSION = 5.0;
				TARGETED_DEVICE_FAMILY = "1,2";
			};
			name = Debug;
		};
		C93D2CAE231FDF150055CDC4 /* Release */ = {
			isa = XCBuildConfiguration;
			buildSettings = {
				ASSETCATALOG_COMPILER_APPICON_NAME = AppIcon;
				CODE_SIGN_STYLE = Automatic;
				ENABLE_PREVIEWS = YES;
				INFOPLIST_FILE = PainTracker/Info.plist;
				LD_RUNPATH_SEARCH_PATHS = (
					"$(inherited)",
					"@executable_path/Frameworks",
				);
				PRODUCT_BUNDLE_IDENTIFIER = kriang.PainTracker;
				PRODUCT_NAME = "$(TARGET_NAME)";
				SWIFT_VERSION = 5.0;
				TARGETED_DEVICE_FAMILY = "1,2";
			};
			name = Release;
		};
		C93D2CB0231FDF150055CDC4 /* Debug */ = {
			isa = XCBuildConfiguration;
			buildSettings = {
				ALWAYS_EMBED_SWIFT_STANDARD_LIBRARIES = YES;
				BUNDLE_LOADER = "$(TEST_HOST)";
				CODE_SIGN_STYLE = Automatic;
				INFOPLIST_FILE = PainTrackerTests/Info.plist;
				LD_RUNPATH_SEARCH_PATHS = (
					"$(inherited)",
					"@executable_path/Frameworks",
					"@loader_path/Frameworks",
				);
				PRODUCT_BUNDLE_IDENTIFIER = kriang.PainTrackerTests;
				PRODUCT_NAME = "$(TARGET_NAME)";
				SWIFT_VERSION = 5.0;
				TARGETED_DEVICE_FAMILY = "1,2";
				TEST_HOST = "$(BUILT_PRODUCTS_DIR)/PainTracker.app/PainTracker";
			};
			name = Debug;
		};
		C93D2CB1231FDF150055CDC4 /* Release */ = {
			isa = XCBuildConfiguration;
			buildSettings = {
				ALWAYS_EMBED_SWIFT_STANDARD_LIBRARIES = YES;
				BUNDLE_LOADER = "$(TEST_HOST)";
				CODE_SIGN_STYLE = Automatic;
				INFOPLIST_FILE = PainTrackerTests/Info.plist;
				LD_RUNPATH_SEARCH_PATHS = (
					"$(inherited)",
					"@executable_path/Frameworks",
					"@loader_path/Frameworks",
				);
				PRODUCT_BUNDLE_IDENTIFIER = kriang.PainTrackerTests;
				PRODUCT_NAME = "$(TARGET_NAME)";
				SWIFT_VERSION = 5.0;
				TARGETED_DEVICE_FAMILY = "1,2";
				TEST_HOST = "$(BUILT_PRODUCTS_DIR)/PainTracker.app/PainTracker";
			};
			name = Release;
		};
		C93D2CB3231FDF150055CDC4 /* Debug */ = {
			isa = XCBuildConfiguration;
			buildSettings = {
				ALWAYS_EMBED_SWIFT_STANDARD_LIBRARIES = YES;
				CODE_SIGN_STYLE = Automatic;
				INFOPLIST_FILE = PainTrackerUITests/Info.plist;
				LD_RUNPATH_SEARCH_PATHS = (
					"$(inherited)",
					"@executable_path/Frameworks",
					"@loader_path/Frameworks",
				);
				PRODUCT_BUNDLE_IDENTIFIER = kriang.PainTrackerUITests;
				PRODUCT_NAME = "$(TARGET_NAME)";
				SWIFT_VERSION = 5.0;
				TARGETED_DEVICE_FAMILY = "1,2";
				TEST_TARGET_NAME = PainTracker;
			};
			name = Debug;
		};
		C93D2CB4231FDF150055CDC4 /* Release */ = {
			isa = XCBuildConfiguration;
			buildSettings = {
				ALWAYS_EMBED_SWIFT_STANDARD_LIBRARIES = YES;
				CODE_SIGN_STYLE = Automatic;
				INFOPLIST_FILE = PainTrackerUITests/Info.plist;
				LD_RUNPATH_SEARCH_PATHS = (
					"$(inherited)",
					"@executable_path/Frameworks",
					"@loader_path/Frameworks",
				);
				PRODUCT_BUNDLE_IDENTIFIER = kriang.PainTrackerUITests;
				PRODUCT_NAME = "$(TARGET_NAME)";
				SWIFT_VERSION = 5.0;
				TARGETED_DEVICE_FAMILY = "1,2";
				TEST_TARGET_NAME = PainTracker;
			};
			name = Release;
		};
/* End XCBuildConfiguration section */

/* Begin XCConfigurationList section */
		C93D2C7A231FDF110055CDC4 /* Build configuration list for PBXProject "PainTracker" */ = {
			isa = XCConfigurationList;
			buildConfigurations = (
				C93D2CAA231FDF150055CDC4 /* Debug */,
				C93D2CAB231FDF150055CDC4 /* Release */,
			);
			defaultConfigurationIsVisible = 0;
			defaultConfigurationName = Release;
		};
		C93D2CAC231FDF150055CDC4 /* Build configuration list for PBXNativeTarget "PainTracker" */ = {
			isa = XCConfigurationList;
			buildConfigurations = (
				C93D2CAD231FDF150055CDC4 /* Debug */,
				C93D2CAE231FDF150055CDC4 /* Release */,
			);
			defaultConfigurationIsVisible = 0;
			defaultConfigurationName = Release;
		};
		C93D2CAF231FDF150055CDC4 /* Build configuration list for PBXNativeTarget "PainTrackerTests" */ = {
			isa = XCConfigurationList;
			buildConfigurations = (
				C93D2CB0231FDF150055CDC4 /* Debug */,
				C93D2CB1231FDF150055CDC4 /* Release */,
			);
			defaultConfigurationIsVisible = 0;
			defaultConfigurationName = Release;
		};
		C93D2CB2231FDF150055CDC4 /* Build configuration list for PBXNativeTarget "PainTrackerUITests" */ = {
			isa = XCConfigurationList;
			buildConfigurations = (
				C93D2CB3231FDF150055CDC4 /* Debug */,
				C93D2CB4231FDF150055CDC4 /* Release */,
			);
			defaultConfigurationIsVisible = 0;
			defaultConfigurationName = Release;
		};
/* End XCConfigurationList section */

/* Begin XCVersionGroup section */
		C93D2C86231FDF110055CDC4 /* PainTracker.xcdatamodeld */ = {
			isa = XCVersionGroup;
			children = (
				C93D2C87231FDF110055CDC4 /* PainTracker.xcdatamodel */,
			);
			currentVersion = C93D2C87231FDF110055CDC4 /* PainTracker.xcdatamodel */;
			path = PainTracker.xcdatamodeld;
			sourceTree = "<group>";
			versionGroupType = wrapper.xcdatamodel;
		};
/* End XCVersionGroup section */
	};
	rootObject = C93D2C77231FDF110055CDC4 /* Project object */;
}
